
Microsoft Visual Studio Solution File, Format Version 12.00
# Visual Studio Version 17
VisualStudioVersion = 17.5.002.0
MinimumVisualStudioVersion = 10.0.40219.1
Project("{9A19103F-16F7-4668-BE54-9A1E7A4F7556}") = "Fila", "Fila.csproj", "{29FF6EF5-0071-46C9-A4F8-5632EB2D1C85}"
EndProject
Global
	GlobalSection(SolutionConfigurationPlatforms) = preSolution
		Debug|Any CPU = Debug|Any CPU
		Release|Any CPU = Release|Any CPU
	EndGlobalSection
	GlobalSection(ProjectConfigurationPlatforms) = postSolution
		{29FF6EF5-0071-46C9-A4F8-5632EB2D1C85}.Debug|Any CPU.ActiveCfg = Debug|Any CPU
		{29FF6EF5-0071-46C9-A4F8-5632EB2D1C85}.Debug|Any CPU.Build.0 = Debug|Any CPU
		{29FF6EF5-0071-46C9-A4F8-5632EB2D1C85}.Release|Any CPU.ActiveCfg = Release|Any CPU
		{29FF6EF5-0071-46C9-A4F8-5632EB2D1C85}.Release|Any CPU.Build.0 = Release|Any CPU
	EndGlobalSection
	GlobalSection(SolutionProperties) = preSolution
		HideSolutionNode = FALSE
	EndGlobalSection
	GlobalSection(ExtensibilityGlobals) = postSolution
		SolutionGuid = {B33A888C-96CB-426C-8F20-A6C587AC0FFB}
	EndGlobalSection
EndGlobal
